// !$*UTF8*$!
{
	archiveVersion = 1;
	classes = {
	};
	objectVersion = 46;
	objects = {

/* Begin PBXBuildFile section */
		163512C31B85AFCC00AE3027 /* AlipaySDK.bundle in Resources */ = {isa = PBXBuildFile; fileRef = 163512A61B85AFCC00AE3027 /* AlipaySDK.bundle */; };
		163512C41B85AFCC00AE3027 /* AlipaySDK.framework in Frameworks */ = {isa = PBXBuildFile; fileRef = 163512A71B85AFCC00AE3027 /* AlipaySDK.framework */; };
		163512C51B85AFCC00AE3027 /* TencentOpenAPI.framework in Frameworks */ = {isa = PBXBuildFile; fileRef = 163512AA1B85AFCC00AE3027 /* TencentOpenAPI.framework */; };
		163512C61B85AFCC00AE3027 /* TencentOpenApi_IOS_Bundle.bundle in Resources */ = {isa = PBXBuildFile; fileRef = 163512AB1B85AFCC00AE3027 /* TencentOpenApi_IOS_Bundle.bundle */; };
		163512C71B85AFCC00AE3027 /* libWeiboSDK.a in Frameworks */ = {isa = PBXBuildFile; fileRef = 163512AD1B85AFCC00AE3027 /* libWeiboSDK.a */; };
		163512C81B85AFCC00AE3027 /* WeiboSDK.bundle in Resources */ = {isa = PBXBuildFile; fileRef = 163512B51B85AFCC00AE3027 /* WeiboSDK.bundle */; };
		163512C91B85AFCC00AE3027 /* libWeChatSDK.a in Frameworks */ = {isa = PBXBuildFile; fileRef = 163512B91B85AFCC00AE3027 /* libWeChatSDK.a */; };
		163512CA1B85AFCC00AE3027 /* MOBFoundation.framework in Frameworks */ = {isa = PBXBuildFile; fileRef = 163512BC1B85AFCC00AE3027 /* MOBFoundation.framework */; };
		163512CB1B85AFCC00AE3027 /* ShareSDK.bundle in Resources */ = {isa = PBXBuildFile; fileRef = 163512BD1B85AFCC00AE3027 /* ShareSDK.bundle */; };
		163512CC1B85AFCC00AE3027 /* ShareSDK.framework in Frameworks */ = {isa = PBXBuildFile; fileRef = 163512BE1B85AFCC00AE3027 /* ShareSDK.framework */; };
		163512CD1B85AFCC00AE3027 /* ShareSDKConnector.framework in Frameworks */ = {isa = PBXBuildFile; fileRef = 163512BF1B85AFCC00AE3027 /* ShareSDKConnector.framework */; };
		163512CE1B85AFCC00AE3027 /* ShareSDKExtension.framework in Frameworks */ = {isa = PBXBuildFile; fileRef = 163512C01B85AFCC00AE3027 /* ShareSDKExtension.framework */; };
		163512CF1B85AFCC00AE3027 /* ShareSDKUI.bundle in Resources */ = {isa = PBXBuildFile; fileRef = 163512C11B85AFCC00AE3027 /* ShareSDKUI.bundle */; };
		163512D01B85AFCC00AE3027 /* ShareSDKUI.framework in Frameworks */ = {isa = PBXBuildFile; fileRef = 163512C21B85AFCC00AE3027 /* ShareSDKUI.framework */; };
		163512D21B85B08B00AE3027 /* libicucore.dylib in Frameworks */ = {isa = PBXBuildFile; fileRef = 163512D11B85B08B00AE3027 /* libicucore.dylib */; };
		163512D41B85B09E00AE3027 /* JavaScriptCore.framework in Frameworks */ = {isa = PBXBuildFile; fileRef = 163512D31B85B09E00AE3027 /* JavaScriptCore.framework */; };
		163512D61B85B0CB00AE3027 /* ImageIO.framework in Frameworks */ = {isa = PBXBuildFile; fileRef = 163512D51B85B0CB00AE3027 /* ImageIO.framework */; };
		163512D81B85B0D400AE3027 /* CoreText.framework in Frameworks */ = {isa = PBXBuildFile; fileRef = 163512D71B85B0D400AE3027 /* CoreText.framework */; };
		163BA4EA1BC8E4830040AA23 /* SwiftyJSON.swift in Sources */ = {isa = PBXBuildFile; fileRef = 163BA4E91BC8E4830040AA23 /* SwiftyJSON.swift */; settings = {ASSET_TAGS = (); }; };
		164049341B4691AC008EE664 /* WebViewJavascriptBridge.js.txt in Resources */ = {isa = PBXBuildFile; fileRef = 1640492F1B4691AC008EE664 /* WebViewJavascriptBridge.js.txt */; };
		164049351B4691AC008EE664 /* WebViewJavascriptBridge.m in Sources */ = {isa = PBXBuildFile; fileRef = 164049301B4691AC008EE664 /* WebViewJavascriptBridge.m */; };
		164049361B4691AC008EE664 /* WebViewProxy.m in Sources */ = {isa = PBXBuildFile; fileRef = 164049331B4691AC008EE664 /* WebViewProxy.m */; };
		164049381B4691F9008EE664 /* WebBaseViewController.swift in Sources */ = {isa = PBXBuildFile; fileRef = 164049371B4691F9008EE664 /* WebBaseViewController.swift */; };
		1640493C1B46933C008EE664 /* Security.framework in Frameworks */ = {isa = PBXBuildFile; fileRef = 1640493B1B46933C008EE664 /* Security.framework */; };
		1640493E1B469357008EE664 /* libiconv.dylib in Frameworks */ = {isa = PBXBuildFile; fileRef = 1640493D1B469357008EE664 /* libiconv.dylib */; };
		164049401B469360008EE664 /* SystemConfiguration.framework in Frameworks */ = {isa = PBXBuildFile; fileRef = 1640493F1B469360008EE664 /* SystemConfiguration.framework */; };
		164049421B469369008EE664 /* CoreGraphics.framework in Frameworks */ = {isa = PBXBuildFile; fileRef = 164049411B469369008EE664 /* CoreGraphics.framework */; };
		164049441B469372008EE664 /* libsqlite3.dylib in Frameworks */ = {isa = PBXBuildFile; fileRef = 164049431B469372008EE664 /* libsqlite3.dylib */; };
		164049461B46937B008EE664 /* CoreTelephony.framework in Frameworks */ = {isa = PBXBuildFile; fileRef = 164049451B46937B008EE664 /* CoreTelephony.framework */; };
		164049481B469385008EE664 /* libstdc++.dylib in Frameworks */ = {isa = PBXBuildFile; fileRef = 164049471B469385008EE664 /* libstdc++.dylib */; };
		1640494A1B469391008EE664 /* libz.dylib in Frameworks */ = {isa = PBXBuildFile; fileRef = 164049491B469391008EE664 /* libz.dylib */; };
		164348861B86BC240014495D /* SimpleImageCache.swift in Sources */ = {isa = PBXBuildFile; fileRef = 164348841B86BC240014495D /* SimpleImageCache.swift */; };
		1648F7781B85AB890093F4A5 /* WebJsHelper.swift in Sources */ = {isa = PBXBuildFile; fileRef = 1648F7771B85AB890093F4A5 /* WebJsHelper.swift */; };
		167B7AC91B26F6DA00F56788 /* LaunchScreen.xib in Resources */ = {isa = PBXBuildFile; fileRef = 167B7AC71B26F6DA00F56788 /* LaunchScreen.xib */; };
		16AFB44A1B469718009CB2BF /* MapViewController.swift in Sources */ = {isa = PBXBuildFile; fileRef = 16AFB4481B469718009CB2BF /* MapViewController.swift */; };
		16AFB44D1B469733009CB2BF /* Locationmanager.swift in Sources */ = {isa = PBXBuildFile; fileRef = 16AFB44C1B469733009CB2BF /* Locationmanager.swift */; };
		16AFB44F1B469772009CB2BF /* WebPageViewController.swift in Sources */ = {isa = PBXBuildFile; fileRef = 16AFB44E1B469772009CB2BF /* WebPageViewController.swift */; };
		16EFCFDC1B9D1E97008451D4 /* splash.png in Resources */ = {isa = PBXBuildFile; fileRef = 16EFCFDB1B9D1E97008451D4 /* splash.png */; };
		5FAEB2D81B215B0200A9046A /* AppDelegate.swift in Sources */ = {isa = PBXBuildFile; fileRef = 5FAEB2D71B215B0200A9046A /* AppDelegate.swift */; };
		5FAEB2DD1B215B0200A9046A /* Main.storyboard in Resources */ = {isa = PBXBuildFile; fileRef = 5FAEB2DB1B215B0200A9046A /* Main.storyboard */; };
		5FAEB2DF1B215B0200A9046A /* Images.xcassets in Resources */ = {isa = PBXBuildFile; fileRef = 5FAEB2DE1B215B0200A9046A /* Images.xcassets */; };
		5FAEB2EE1B215B0300A9046A /* jyjpTests.swift in Sources */ = {isa = PBXBuildFile; fileRef = 5FAEB2ED1B215B0300A9046A /* jyjpTests.swift */; };
		5FAEB2F91B215D2300A9046A /* www in Resources */ = {isa = PBXBuildFile; fileRef = 5FAEB2F81B215D2300A9046A /* www */; };
		5FE5C16F1B218AC6003F5E03 /* Default-568h@2x.png in Resources */ = {isa = PBXBuildFile; fileRef = 5FE5C16D1B218AC6003F5E03 /* Default-568h@2x.png */; };
		5FE5C1701B218AC6003F5E03 /* Default@2x.png in Resources */ = {isa = PBXBuildFile; fileRef = 5FE5C16E1B218AC6003F5E03 /* Default@2x.png */; };
/* End PBXBuildFile section */

/* Begin PBXContainerItemProxy section */
		5FAEB2E81B215B0300A9046A /* PBXContainerItemProxy */ = {
			isa = PBXContainerItemProxy;
			containerPortal = 5FAEB2CA1B215B0200A9046A /* Project object */;
			proxyType = 1;
			remoteGlobalIDString = 5FAEB2D11B215B0200A9046A;
			remoteInfo = jyjp;
		};
/* End PBXContainerItemProxy section */

/* Begin PBXFileReference section */
		163512A61B85AFCC00AE3027 /* AlipaySDK.bundle */ = {isa = PBXFileReference; lastKnownFileType = "wrapper.plug-in"; path = AlipaySDK.bundle; sourceTree = "<group>"; };
		163512A71B85AFCC00AE3027 /* AlipaySDK.framework */ = {isa = PBXFileReference; lastKnownFileType = wrapper.framework; path = AlipaySDK.framework; sourceTree = "<group>"; };
		163512AA1B85AFCC00AE3027 /* TencentOpenAPI.framework */ = {isa = PBXFileReference; lastKnownFileType = wrapper.framework; path = TencentOpenAPI.framework; sourceTree = "<group>"; };
		163512AB1B85AFCC00AE3027 /* TencentOpenApi_IOS_Bundle.bundle */ = {isa = PBXFileReference; lastKnownFileType = "wrapper.plug-in"; path = TencentOpenApi_IOS_Bundle.bundle; sourceTree = "<group>"; };
		163512AD1B85AFCC00AE3027 /* libWeiboSDK.a */ = {isa = PBXFileReference; lastKnownFileType = archive.ar; path = libWeiboSDK.a; sourceTree = "<group>"; };
		163512AE1B85AFCC00AE3027 /* WBHttpRequest+WeiboShare.h */ = {isa = PBXFileReference; fileEncoding = 4; lastKnownFileType = sourcecode.c.h; path = "WBHttpRequest+WeiboShare.h"; sourceTree = "<group>"; };
		163512AF1B85AFCC00AE3027 /* WBHttpRequest+WeiboToken.h */ = {isa = PBXFileReference; fileEncoding = 4; lastKnownFileType = sourcecode.c.h; path = "WBHttpRequest+WeiboToken.h"; sourceTree = "<group>"; };
		163512B01B85AFCC00AE3027 /* WBHttpRequest+WeiboUser.h */ = {isa = PBXFileReference; fileEncoding = 4; lastKnownFileType = sourcecode.c.h; path = "WBHttpRequest+WeiboUser.h"; sourceTree = "<group>"; };
		163512B11B85AFCC00AE3027 /* WBHttpRequest.h */ = {isa = PBXFileReference; fileEncoding = 4; lastKnownFileType = sourcecode.c.h; path = WBHttpRequest.h; sourceTree = "<group>"; };
		163512B21B85AFCC00AE3027 /* WBSDKBasicButton.h */ = {isa = PBXFileReference; fileEncoding = 4; lastKnownFileType = sourcecode.c.h; path = WBSDKBasicButton.h; sourceTree = "<group>"; };
		163512B31B85AFCC00AE3027 /* WBSDKCommentButton.h */ = {isa = PBXFileReference; fileEncoding = 4; lastKnownFileType = sourcecode.c.h; path = WBSDKCommentButton.h; sourceTree = "<group>"; };
		163512B41B85AFCC00AE3027 /* WBSDKRelationshipButton.h */ = {isa = PBXFileReference; fileEncoding = 4; lastKnownFileType = sourcecode.c.h; path = WBSDKRelationshipButton.h; sourceTree = "<group>"; };
		163512B51B85AFCC00AE3027 /* WeiboSDK.bundle */ = {isa = PBXFileReference; lastKnownFileType = "wrapper.plug-in"; path = WeiboSDK.bundle; sourceTree = "<group>"; };
		163512B61B85AFCC00AE3027 /* WeiboSDK.h */ = {isa = PBXFileReference; fileEncoding = 4; lastKnownFileType = sourcecode.c.h; path = WeiboSDK.h; sourceTree = "<group>"; };
		163512B71B85AFCC00AE3027 /* WeiboUser.h */ = {isa = PBXFileReference; fileEncoding = 4; lastKnownFileType = sourcecode.c.h; path = WeiboUser.h; sourceTree = "<group>"; };
		163512B91B85AFCC00AE3027 /* libWeChatSDK.a */ = {isa = PBXFileReference; lastKnownFileType = archive.ar; path = libWeChatSDK.a; sourceTree = "<group>"; };
		163512BA1B85AFCC00AE3027 /* WXApi.h */ = {isa = PBXFileReference; fileEncoding = 4; lastKnownFileType = sourcecode.c.h; path = WXApi.h; sourceTree = "<group>"; };
		163512BB1B85AFCC00AE3027 /* WXApiObject.h */ = {isa = PBXFileReference; fileEncoding = 4; lastKnownFileType = sourcecode.c.h; path = WXApiObject.h; sourceTree = "<group>"; };
		163512BC1B85AFCC00AE3027 /* MOBFoundation.framework */ = {isa = PBXFileReference; lastKnownFileType = wrapper.framework; path = MOBFoundation.framework; sourceTree = "<group>"; };
		163512BD1B85AFCC00AE3027 /* ShareSDK.bundle */ = {isa = PBXFileReference; lastKnownFileType = "wrapper.plug-in"; path = ShareSDK.bundle; sourceTree = "<group>"; };
		163512BE1B85AFCC00AE3027 /* ShareSDK.framework */ = {isa = PBXFileReference; lastKnownFileType = wrapper.framework; path = ShareSDK.framework; sourceTree = "<group>"; };
		163512BF1B85AFCC00AE3027 /* ShareSDKConnector.framework */ = {isa = PBXFileReference; lastKnownFileType = wrapper.framework; path = ShareSDKConnector.framework; sourceTree = "<group>"; };
		163512C01B85AFCC00AE3027 /* ShareSDKExtension.framework */ = {isa = PBXFileReference; lastKnownFileType = wrapper.framework; path = ShareSDKExtension.framework; sourceTree = "<group>"; };
		163512C11B85AFCC00AE3027 /* ShareSDKUI.bundle */ = {isa = PBXFileReference; lastKnownFileType = "wrapper.plug-in"; path = ShareSDKUI.bundle; sourceTree = "<group>"; };
		163512C21B85AFCC00AE3027 /* ShareSDKUI.framework */ = {isa = PBXFileReference; lastKnownFileType = wrapper.framework; path = ShareSDKUI.framework; sourceTree = "<group>"; };
		163512D11B85B08B00AE3027 /* libicucore.dylib */ = {isa = PBXFileReference; lastKnownFileType = "compiled.mach-o.dylib"; name = libicucore.dylib; path = usr/lib/libicucore.dylib; sourceTree = SDKROOT; };
		163512D31B85B09E00AE3027 /* JavaScriptCore.framework */ = {isa = PBXFileReference; lastKnownFileType = wrapper.framework; name = JavaScriptCore.framework; path = System/Library/Frameworks/JavaScriptCore.framework; sourceTree = SDKROOT; };
		163512D51B85B0CB00AE3027 /* ImageIO.framework */ = {isa = PBXFileReference; lastKnownFileType = wrapper.framework; name = ImageIO.framework; path = System/Library/Frameworks/ImageIO.framework; sourceTree = SDKROOT; };
		163512D71B85B0D400AE3027 /* CoreText.framework */ = {isa = PBXFileReference; lastKnownFileType = wrapper.framework; name = CoreText.framework; path = System/Library/Frameworks/CoreText.framework; sourceTree = SDKROOT; };
		163BA4E91BC8E4830040AA23 /* SwiftyJSON.swift */ = {isa = PBXFileReference; fileEncoding = 4; lastKnownFileType = sourcecode.swift; path = SwiftyJSON.swift; sourceTree = "<group>"; };
		1640492E1B4691AC008EE664 /* WebViewJavascriptBridge.h */ = {isa = PBXFileReference; fileEncoding = 4; lastKnownFileType = sourcecode.c.h; path = WebViewJavascriptBridge.h; sourceTree = "<group>"; };
		1640492F1B4691AC008EE664 /* WebViewJavascriptBridge.js.txt */ = {isa = PBXFileReference; fileEncoding = 4; lastKnownFileType = text; path = WebViewJavascriptBridge.js.txt; sourceTree = "<group>"; };
		164049301B4691AC008EE664 /* WebViewJavascriptBridge.m */ = {isa = PBXFileReference; fileEncoding = 4; lastKnownFileType = sourcecode.c.objc; path = WebViewJavascriptBridge.m; sourceTree = "<group>"; };
		164049321B4691AC008EE664 /* WebViewProxy.h */ = {isa = PBXFileReference; fileEncoding = 4; lastKnownFileType = sourcecode.c.h; path = WebViewProxy.h; sourceTree = "<group>"; };
		164049331B4691AC008EE664 /* WebViewProxy.m */ = {isa = PBXFileReference; fileEncoding = 4; lastKnownFileType = sourcecode.c.objc; path = WebViewProxy.m; sourceTree = "<group>"; };
		164049371B4691F9008EE664 /* WebBaseViewController.swift */ = {isa = PBXFileReference; fileEncoding = 4; lastKnownFileType = sourcecode.swift; path = WebBaseViewController.swift; sourceTree = "<group>"; };
		1640493B1B46933C008EE664 /* Security.framework */ = {isa = PBXFileReference; lastKnownFileType = wrapper.framework; name = Security.framework; path = System/Library/Frameworks/Security.framework; sourceTree = SDKROOT; };
		1640493D1B469357008EE664 /* libiconv.dylib */ = {isa = PBXFileReference; lastKnownFileType = "compiled.mach-o.dylib"; name = libiconv.dylib; path = usr/lib/libiconv.dylib; sourceTree = SDKROOT; };
		1640493F1B469360008EE664 /* SystemConfiguration.framework */ = {isa = PBXFileReference; lastKnownFileType = wrapper.framework; name = SystemConfiguration.framework; path = System/Library/Frameworks/SystemConfiguration.framework; sourceTree = SDKROOT; };
		164049411B469369008EE664 /* CoreGraphics.framework */ = {isa = PBXFileReference; lastKnownFileType = wrapper.framework; name = CoreGraphics.framework; path = System/Library/Frameworks/CoreGraphics.framework; sourceTree = SDKROOT; };
		164049431B469372008EE664 /* libsqlite3.dylib */ = {isa = PBXFileReference; lastKnownFileType = "compiled.mach-o.dylib"; name = libsqlite3.dylib; path = usr/lib/libsqlite3.dylib; sourceTree = SDKROOT; };
		164049451B46937B008EE664 /* CoreTelephony.framework */ = {isa = PBXFileReference; lastKnownFileType = wrapper.framework; name = CoreTelephony.framework; path = System/Library/Frameworks/CoreTelephony.framework; sourceTree = SDKROOT; };
		164049471B469385008EE664 /* libstdc++.dylib */ = {isa = PBXFileReference; lastKnownFileType = "compiled.mach-o.dylib"; name = "libstdc++.dylib"; path = "usr/lib/libstdc++.dylib"; sourceTree = SDKROOT; };
		164049491B469391008EE664 /* libz.dylib */ = {isa = PBXFileReference; lastKnownFileType = "compiled.mach-o.dylib"; name = libz.dylib; path = usr/lib/libz.dylib; sourceTree = SDKROOT; };
		164348841B86BC240014495D /* SimpleImageCache.swift */ = {isa = PBXFileReference; fileEncoding = 4; lastKnownFileType = sourcecode.swift; path = SimpleImageCache.swift; sourceTree = "<group>"; };
		1648F7771B85AB890093F4A5 /* WebJsHelper.swift */ = {isa = PBXFileReference; fileEncoding = 4; lastKnownFileType = sourcecode.swift; path = WebJsHelper.swift; sourceTree = "<group>"; };
		16587DAC1B734E6C009ADC1A /* zh-Hans */ = {isa = PBXFileReference; lastKnownFileType = text.plist.strings; name = "zh-Hans"; path = "zh-Hans.lproj/Main.strings"; sourceTree = "<group>"; };
		16587DAD1B734E6C009ADC1A /* zh-Hans */ = {isa = PBXFileReference; lastKnownFileType = text.plist.strings; name = "zh-Hans"; path = "zh-Hans.lproj/LaunchScreen.strings"; sourceTree = "<group>"; };
		167B7AC81B26F6DA00F56788 /* Base */ = {isa = PBXFileReference; lastKnownFileType = file.xib; name = Base; path = Base.lproj/LaunchScreen.xib; sourceTree = "<group>"; };
		16AFB4351B469630009CB2BF /* jyjp-Bridging-Header.h */ = {isa = PBXFileReference; fileEncoding = 4; lastKnownFileType = sourcecode.c.h; name = "jyjp-Bridging-Header.h"; path = "jyjp/jyjp-Bridging-Header.h"; sourceTree = "<group>"; };
		16AFB4481B469718009CB2BF /* MapViewController.swift */ = {isa = PBXFileReference; fileEncoding = 4; lastKnownFileType = sourcecode.swift; path = MapViewController.swift; sourceTree = "<group>"; };
		16AFB44C1B469733009CB2BF /* Locationmanager.swift */ = {isa = PBXFileReference; fileEncoding = 4; lastKnownFileType = sourcecode.swift; path = Locationmanager.swift; sourceTree = "<group>"; };
		16AFB44E1B469772009CB2BF /* WebPageViewController.swift */ = {isa = PBXFileReference; fileEncoding = 4; lastKnownFileType = sourcecode.swift; path = WebPageViewController.swift; sourceTree = "<group>"; };
		16EFCFDB1B9D1E97008451D4 /* splash.png */ = {isa = PBXFileReference; lastKnownFileType = image.png; path = splash.png; sourceTree = "<group>"; };
		5FAEB2D21B215B0200A9046A /* jyjp.app */ = {isa = PBXFileReference; explicitFileType = wrapper.application; includeInIndex = 0; path = jyjp.app; sourceTree = BUILT_PRODUCTS_DIR; };
		5FAEB2D61B215B0200A9046A /* Info.plist */ = {isa = PBXFileReference; lastKnownFileType = text.plist.xml; path = Info.plist; sourceTree = "<group>"; };
		5FAEB2D71B215B0200A9046A /* AppDelegate.swift */ = {isa = PBXFileReference; lastKnownFileType = sourcecode.swift; path = AppDelegate.swift; sourceTree = "<group>"; };
		5FAEB2DC1B215B0200A9046A /* Base */ = {isa = PBXFileReference; lastKnownFileType = file.storyboard; name = Base; path = Base.lproj/Main.storyboard; sourceTree = "<group>"; };
		5FAEB2DE1B215B0200A9046A /* Images.xcassets */ = {isa = PBXFileReference; lastKnownFileType = folder.assetcatalog; path = Images.xcassets; sourceTree = "<group>"; };
		5FAEB2E71B215B0300A9046A /* jyjpTests.xctest */ = {isa = PBXFileReference; explicitFileType = wrapper.cfbundle; includeInIndex = 0; path = jyjpTests.xctest; sourceTree = BUILT_PRODUCTS_DIR; };
		5FAEB2EC1B215B0300A9046A /* Info.plist */ = {isa = PBXFileReference; lastKnownFileType = text.plist.xml; path = Info.plist; sourceTree = "<group>"; };
		5FAEB2ED1B215B0300A9046A /* jyjpTests.swift */ = {isa = PBXFileReference; lastKnownFileType = sourcecode.swift; path = jyjpTests.swift; sourceTree = "<group>"; };
		5FAEB2F81B215D2300A9046A /* www */ = {isa = PBXFileReference; lastKnownFileType = folder; path = www; sourceTree = "<group>"; };
		5FE5C16D1B218AC6003F5E03 /* Default-568h@2x.png */ = {isa = PBXFileReference; lastKnownFileType = image.png; path = "Default-568h@2x.png"; sourceTree = "<group>"; };
		5FE5C16E1B218AC6003F5E03 /* Default@2x.png */ = {isa = PBXFileReference; lastKnownFileType = image.png; path = "Default@2x.png"; sourceTree = "<group>"; };
/* End PBXFileReference section */

/* Begin PBXFrameworksBuildPhase section */
		5FAEB2CF1B215B0200A9046A /* Frameworks */ = {
			isa = PBXFrameworksBuildPhase;
			buildActionMask = 2147483647;
			files = (
				163512D81B85B0D400AE3027 /* CoreText.framework in Frameworks */,
				163512D61B85B0CB00AE3027 /* ImageIO.framework in Frameworks */,
				163512D41B85B09E00AE3027 /* JavaScriptCore.framework in Frameworks */,
				163512D21B85B08B00AE3027 /* libicucore.dylib in Frameworks */,
				1640494A1B469391008EE664 /* libz.dylib in Frameworks */,
				163512D01B85AFCC00AE3027 /* ShareSDKUI.framework in Frameworks */,
				163512C41B85AFCC00AE3027 /* AlipaySDK.framework in Frameworks */,
				164049481B469385008EE664 /* libstdc++.dylib in Frameworks */,
				164049461B46937B008EE664 /* CoreTelephony.framework in Frameworks */,
				163512C91B85AFCC00AE3027 /* libWeChatSDK.a in Frameworks */,
				164049441B469372008EE664 /* libsqlite3.dylib in Frameworks */,
				163512CA1B85AFCC00AE3027 /* MOBFoundation.framework in Frameworks */,
				163512CD1B85AFCC00AE3027 /* ShareSDKConnector.framework in Frameworks */,
				164049421B469369008EE664 /* CoreGraphics.framework in Frameworks */,
				163512CC1B85AFCC00AE3027 /* ShareSDK.framework in Frameworks */,
				163512C71B85AFCC00AE3027 /* libWeiboSDK.a in Frameworks */,
				163512CE1B85AFCC00AE3027 /* ShareSDKExtension.framework in Frameworks */,
				164049401B469360008EE664 /* SystemConfiguration.framework in Frameworks */,
				163512C51B85AFCC00AE3027 /* TencentOpenAPI.framework in Frameworks */,
				1640493E1B469357008EE664 /* libiconv.dylib in Frameworks */,
				1640493C1B46933C008EE664 /* Security.framework in Frameworks */,
			);
			runOnlyForDeploymentPostprocessing = 0;
		};
		5FAEB2E41B215B0300A9046A /* Frameworks */ = {
			isa = PBXFrameworksBuildPhase;
			buildActionMask = 2147483647;
			files = (
			);
			runOnlyForDeploymentPostprocessing = 0;
		};
/* End PBXFrameworksBuildPhase section */

/* Begin PBXGroup section */
		163512A41B85AEFE00AE3027 /* frameworks */ = {
			isa = PBXGroup;
			children = (
				163512D71B85B0D400AE3027 /* CoreText.framework */,
				163512D51B85B0CB00AE3027 /* ImageIO.framework */,
				163512D31B85B09E00AE3027 /* JavaScriptCore.framework */,
				163512D11B85B08B00AE3027 /* libicucore.dylib */,
				163512A51B85AFCC00AE3027 /* libraries */,
				164049491B469391008EE664 /* libz.dylib */,
				164049471B469385008EE664 /* libstdc++.dylib */,
				164049431B469372008EE664 /* libsqlite3.dylib */,
				1640493D1B469357008EE664 /* libiconv.dylib */,
				1640493B1B46933C008EE664 /* Security.framework */,
				1640493F1B469360008EE664 /* SystemConfiguration.framework */,
				164049411B469369008EE664 /* CoreGraphics.framework */,
				164049451B46937B008EE664 /* CoreTelephony.framework */,
			);
			name = frameworks;
			sourceTree = "<group>";
		};
		163512A51B85AFCC00AE3027 /* libraries */ = {
			isa = PBXGroup;
			children = (
				163512A61B85AFCC00AE3027 /* AlipaySDK.bundle */,
				163512A71B85AFCC00AE3027 /* AlipaySDK.framework */,
				163512A81B85AFCC00AE3027 /* extends */,
				163512BC1B85AFCC00AE3027 /* MOBFoundation.framework */,
				163512BD1B85AFCC00AE3027 /* ShareSDK.bundle */,
				163512BE1B85AFCC00AE3027 /* ShareSDK.framework */,
				163512BF1B85AFCC00AE3027 /* ShareSDKConnector.framework */,
				163512C01B85AFCC00AE3027 /* ShareSDKExtension.framework */,
				163512C11B85AFCC00AE3027 /* ShareSDKUI.bundle */,
				163512C21B85AFCC00AE3027 /* ShareSDKUI.framework */,
			);
			path = libraries;
			sourceTree = "<group>";
		};
		163512A81B85AFCC00AE3027 /* extends */ = {
			isa = PBXGroup;
			children = (
				163512A91B85AFCC00AE3027 /* QQSDK */,
				163512AC1B85AFCC00AE3027 /* SinaWeiboSDK */,
				163512B81B85AFCC00AE3027 /* WeChatSDK */,
			);
			path = extends;
			sourceTree = "<group>";
		};
		163512A91B85AFCC00AE3027 /* QQSDK */ = {
			isa = PBXGroup;
			children = (
				163512AA1B85AFCC00AE3027 /* TencentOpenAPI.framework */,
				163512AB1B85AFCC00AE3027 /* TencentOpenApi_IOS_Bundle.bundle */,
			);
			path = QQSDK;
			sourceTree = "<group>";
		};
		163512AC1B85AFCC00AE3027 /* SinaWeiboSDK */ = {
			isa = PBXGroup;
			children = (
				163512AD1B85AFCC00AE3027 /* libWeiboSDK.a */,
				163512AE1B85AFCC00AE3027 /* WBHttpRequest+WeiboShare.h */,
				163512AF1B85AFCC00AE3027 /* WBHttpRequest+WeiboToken.h */,
				163512B01B85AFCC00AE3027 /* WBHttpRequest+WeiboUser.h */,
				163512B11B85AFCC00AE3027 /* WBHttpRequest.h */,
				163512B21B85AFCC00AE3027 /* WBSDKBasicButton.h */,
				163512B31B85AFCC00AE3027 /* WBSDKCommentButton.h */,
				163512B41B85AFCC00AE3027 /* WBSDKRelationshipButton.h */,
				163512B51B85AFCC00AE3027 /* WeiboSDK.bundle */,
				163512B61B85AFCC00AE3027 /* WeiboSDK.h */,
				163512B71B85AFCC00AE3027 /* WeiboUser.h */,
			);
			path = SinaWeiboSDK;
			sourceTree = "<group>";
		};
		163512B81B85AFCC00AE3027 /* WeChatSDK */ = {
			isa = PBXGroup;
			children = (
				163512B91B85AFCC00AE3027 /* libWeChatSDK.a */,
				163512BA1B85AFCC00AE3027 /* WXApi.h */,
				163512BB1B85AFCC00AE3027 /* WXApiObject.h */,
			);
			path = WeChatSDK;
			sourceTree = "<group>";
		};
		1640492D1B4691AC008EE664 /* WebViewJavascriptBridge */ = {
			isa = PBXGroup;
			children = (
				1640492E1B4691AC008EE664 /* WebViewJavascriptBridge.h */,
				1640492F1B4691AC008EE664 /* WebViewJavascriptBridge.js.txt */,
				164049301B4691AC008EE664 /* WebViewJavascriptBridge.m */,
			);
			path = WebViewJavascriptBridge;
			sourceTree = "<group>";
		};
		164049311B4691AC008EE664 /* WebViewProxy */ = {
			isa = PBXGroup;
			children = (
				164049321B4691AC008EE664 /* WebViewProxy.h */,
				164049331B4691AC008EE664 /* WebViewProxy.m */,
			);
			path = WebViewProxy;
			sourceTree = "<group>";
		};
		16AFB4361B4696E6009CB2BF /* thirdparty */ = {
			isa = PBXGroup;
			children = (
				163BA4E91BC8E4830040AA23 /* SwiftyJSON.swift */,
				164348841B86BC240014495D /* SimpleImageCache.swift */,
			);
			path = thirdparty;
			sourceTree = "<group>";
		};
		5FAEB2C91B215B0200A9046A = {
			isa = PBXGroup;
			children = (
				163512A41B85AEFE00AE3027 /* frameworks */,
				1648F7771B85AB890093F4A5 /* WebJsHelper.swift */,
				16AFB4351B469630009CB2BF /* jyjp-Bridging-Header.h */,
				164049371B4691F9008EE664 /* WebBaseViewController.swift */,
				16AFB44E1B469772009CB2BF /* WebPageViewController.swift */,
				16AFB44C1B469733009CB2BF /* Locationmanager.swift */,
				16AFB4481B469718009CB2BF /* MapViewController.swift */,
				16AFB4361B4696E6009CB2BF /* thirdparty */,
				5FAEB2D41B215B0200A9046A /* jyjp */,
				5FAEB2EA1B215B0300A9046A /* jyjpTests */,
				5FAEB2D31B215B0200A9046A /* Products */,
			);
			sourceTree = "<group>";
		};
		5FAEB2D31B215B0200A9046A /* Products */ = {
			isa = PBXGroup;
			children = (
				5FAEB2D21B215B0200A9046A /* jyjp.app */,
				5FAEB2E71B215B0300A9046A /* jyjpTests.xctest */,
			);
			name = Products;
			sourceTree = "<group>";
		};
		5FAEB2D41B215B0200A9046A /* jyjp */ = {
			isa = PBXGroup;
			children = (
				16EFCFDB1B9D1E97008451D4 /* splash.png */,
				5FE5C16D1B218AC6003F5E03 /* Default-568h@2x.png */,
				5FE5C16E1B218AC6003F5E03 /* Default@2x.png */,
				1640492D1B4691AC008EE664 /* WebViewJavascriptBridge */,
				164049311B4691AC008EE664 /* WebViewProxy */,
				5FAEB2F81B215D2300A9046A /* www */,
				5FAEB2D71B215B0200A9046A /* AppDelegate.swift */,
				5FAEB2DB1B215B0200A9046A /* Main.storyboard */,
				5FAEB2DE1B215B0200A9046A /* Images.xcassets */,
				167B7AC71B26F6DA00F56788 /* LaunchScreen.xib */,
				5FAEB2D51B215B0200A9046A /* Supporting Files */,
			);
			path = jyjp;
			sourceTree = "<group>";
		};
		5FAEB2D51B215B0200A9046A /* Supporting Files */ = {
			isa = PBXGroup;
			children = (
				5FAEB2D61B215B0200A9046A /* Info.plist */,
			);
			name = "Supporting Files";
			sourceTree = "<group>";
		};
		5FAEB2EA1B215B0300A9046A /* jyjpTests */ = {
			isa = PBXGroup;
			children = (
				5FAEB2ED1B215B0300A9046A /* jyjpTests.swift */,
				5FAEB2EB1B215B0300A9046A /* Supporting Files */,
			);
			path = jyjpTests;
			sourceTree = "<group>";
		};
		5FAEB2EB1B215B0300A9046A /* Supporting Files */ = {
			isa = PBXGroup;
			children = (
				5FAEB2EC1B215B0300A9046A /* Info.plist */,
			);
			name = "Supporting Files";
			sourceTree = "<group>";
		};
/* End PBXGroup section */

/* Begin PBXNativeTarget section */
		5FAEB2D11B215B0200A9046A /* jyjp */ = {
			isa = PBXNativeTarget;
			buildConfigurationList = 5FAEB2F11B215B0300A9046A /* Build configuration list for PBXNativeTarget "jyjp" */;
			buildPhases = (
				5FAEB2CE1B215B0200A9046A /* Sources */,
				5FAEB2CF1B215B0200A9046A /* Frameworks */,
				5FAEB2D01B215B0200A9046A /* Resources */,
			);
			buildRules = (
			);
			dependencies = (
			);
			name = jyjp;
			productName = jyjp;
			productReference = 5FAEB2D21B215B0200A9046A /* jyjp.app */;
			productType = "com.apple.product-type.application";
		};
		5FAEB2E61B215B0300A9046A /* jyjpTests */ = {
			isa = PBXNativeTarget;
			buildConfigurationList = 5FAEB2F41B215B0300A9046A /* Build configuration list for PBXNativeTarget "jyjpTests" */;
			buildPhases = (
				5FAEB2E31B215B0300A9046A /* Sources */,
				5FAEB2E41B215B0300A9046A /* Frameworks */,
				5FAEB2E51B215B0300A9046A /* Resources */,
			);
			buildRules = (
			);
			dependencies = (
				5FAEB2E91B215B0300A9046A /* PBXTargetDependency */,
			);
			name = jyjpTests;
			productName = jyjpTests;
			productReference = 5FAEB2E71B215B0300A9046A /* jyjpTests.xctest */;
			productType = "com.apple.product-type.bundle.unit-test";
		};
/* End PBXNativeTarget section */

/* Begin PBXProject section */
		5FAEB2CA1B215B0200A9046A /* Project object */ = {
			isa = PBXProject;
			attributes = {
				LastSwiftMigration = 0700;
				LastSwiftUpdateCheck = 0700;
				LastUpgradeCheck = 0630;
				ORGANIZATIONNAME = jyjp.xiaheng.net;
				TargetAttributes = {
					5FAEB2D11B215B0200A9046A = {
						CreatedOnToolsVersion = 6.3.2;
						DevelopmentTeam = 24N474AU9T;
					};
					5FAEB2E61B215B0300A9046A = {
						CreatedOnToolsVersion = 6.3.2;
						TestTargetID = 5FAEB2D11B215B0200A9046A;
					};
				};
			};
			buildConfigurationList = 5FAEB2CD1B215B0200A9046A /* Build configuration list for PBXProject "jyjp" */;
			compatibilityVersion = "Xcode 3.2";
			developmentRegion = English;
			hasScannedForEncodings = 0;
			knownRegions = (
				Base,
			);
			mainGroup = 5FAEB2C91B215B0200A9046A;
			productRefGroup = 5FAEB2D31B215B0200A9046A /* Products */;
			projectDirPath = "";
			projectRoot = "";
			targets = (
				5FAEB2D11B215B0200A9046A /* jyjp */,
				5FAEB2E61B215B0300A9046A /* jyjpTests */,
			);
		};
/* End PBXProject section */

/* Begin PBXResourcesBuildPhase section */
		5FAEB2D01B215B0200A9046A /* Resources */ = {
			isa = PBXResourcesBuildPhase;
			buildActionMask = 2147483647;
			files = (
				5FAEB2F91B215D2300A9046A /* www in Resources */,
				16EFCFDC1B9D1E97008451D4 /* splash.png in Resources */,
				5FE5C16F1B218AC6003F5E03 /* Default-568h@2x.png in Resources */,
				163512C31B85AFCC00AE3027 /* AlipaySDK.bundle in Resources */,
				5FE5C1701B218AC6003F5E03 /* Default@2x.png in Resources */,
				163512CF1B85AFCC00AE3027 /* ShareSDKUI.bundle in Resources */,
				163512CB1B85AFCC00AE3027 /* ShareSDK.bundle in Resources */,
				5FAEB2DD1B215B0200A9046A /* Main.storyboard in Resources */,
				164049341B4691AC008EE664 /* WebViewJavascriptBridge.js.txt in Resources */,
				163512C61B85AFCC00AE3027 /* TencentOpenApi_IOS_Bundle.bundle in Resources */,
				163512C81B85AFCC00AE3027 /* WeiboSDK.bundle in Resources */,
				167B7AC91B26F6DA00F56788 /* LaunchScreen.xib in Resources */,
				5FAEB2DF1B215B0200A9046A /* Images.xcassets in Resources */,
			);
			runOnlyForDeploymentPostprocessing = 0;
		};
		5FAEB2E51B215B0300A9046A /* Resources */ = {
			isa = PBXResourcesBuildPhase;
			buildActionMask = 2147483647;
			files = (
			);
			runOnlyForDeploymentPostprocessing = 0;
		};
/* End PBXResourcesBuildPhase section */

/* Begin PBXSourcesBuildPhase section */
		5FAEB2CE1B215B0200A9046A /* Sources */ = {
			isa = PBXSourcesBuildPhase;
			buildActionMask = 2147483647;
			files = (
				16AFB44F1B469772009CB2BF /* WebPageViewController.swift in Sources */,
				164049361B4691AC008EE664 /* WebViewProxy.m in Sources */,
				163BA4EA1BC8E4830040AA23 /* SwiftyJSON.swift in Sources */,
				164049351B4691AC008EE664 /* WebViewJavascriptBridge.m in Sources */,
				5FAEB2D81B215B0200A9046A /* AppDelegate.swift in Sources */,
				16AFB44A1B469718009CB2BF /* MapViewController.swift in Sources */,
				1648F7781B85AB890093F4A5 /* WebJsHelper.swift in Sources */,
				164049381B4691F9008EE664 /* WebBaseViewController.swift in Sources */,
				16AFB44D1B469733009CB2BF /* Locationmanager.swift in Sources */,
				164348861B86BC240014495D /* SimpleImageCache.swift in Sources */,
			);
			runOnlyForDeploymentPostprocessing = 0;
		};
		5FAEB2E31B215B0300A9046A /* Sources */ = {
			isa = PBXSourcesBuildPhase;
			buildActionMask = 2147483647;
			files = (
				5FAEB2EE1B215B0300A9046A /* jyjpTests.swift in Sources */,
			);
			runOnlyForDeploymentPostprocessing = 0;
		};
/* End PBXSourcesBuildPhase section */

/* Begin PBXTargetDependency section */
		5FAEB2E91B215B0300A9046A /* PBXTargetDependency */ = {
			isa = PBXTargetDependency;
			target = 5FAEB2D11B215B0200A9046A /* jyjp */;
			targetProxy = 5FAEB2E81B215B0300A9046A /* PBXContainerItemProxy */;
		};
/* End PBXTargetDependency section */

/* Begin PBXVariantGroup section */
		167B7AC71B26F6DA00F56788 /* LaunchScreen.xib */ = {
			isa = PBXVariantGroup;
			children = (
				167B7AC81B26F6DA00F56788 /* Base */,
				16587DAD1B734E6C009ADC1A /* zh-Hans */,
			);
			name = LaunchScreen.xib;
			sourceTree = "<group>";
		};
		5FAEB2DB1B215B0200A9046A /* Main.storyboard */ = {
			isa = PBXVariantGroup;
			children = (
				5FAEB2DC1B215B0200A9046A /* Base */,
				16587DAC1B734E6C009ADC1A /* zh-Hans */,
			);
			name = Main.storyboard;
			sourceTree = "<group>";
		};
/* End PBXVariantGroup section */

/* Begin XCBuildConfiguration section */
		5FAEB2EF1B215B0300A9046A /* Debug */ = {
			isa = XCBuildConfiguration;
			buildSettings = {
				ALWAYS_SEARCH_USER_PATHS = NO;
				CLANG_CXX_LANGUAGE_STANDARD = "gnu++0x";
				CLANG_CXX_LIBRARY = "libc++";
				CLANG_ENABLE_MODULES = YES;
				CLANG_ENABLE_OBJC_ARC = YES;
				CLANG_WARN_BOOL_CONVERSION = YES;
				CLANG_WARN_CONSTANT_CONVERSION = YES;
				CLANG_WARN_DIRECT_OBJC_ISA_USAGE = YES_ERROR;
				CLANG_WARN_EMPTY_BODY = YES;
				CLANG_WARN_ENUM_CONVERSION = YES;
				CLANG_WARN_INT_CONVERSION = YES;
				CLANG_WARN_OBJC_ROOT_CLASS = YES_ERROR;
				CLANG_WARN_UNREACHABLE_CODE = YES;
				CLANG_WARN__DUPLICATE_METHOD_MATCH = YES;
				"CODE_SIGN_IDENTITY[sdk=iphoneos*]" = "iPhone Developer";
				COPY_PHASE_STRIP = NO;
				DEBUG_INFORMATION_FORMAT = "dwarf-with-dsym";
				ENABLE_STRICT_OBJC_MSGSEND = YES;
				GCC_C_LANGUAGE_STANDARD = gnu99;
				GCC_DYNAMIC_NO_PIC = NO;
				GCC_NO_COMMON_BLOCKS = YES;
				GCC_OPTIMIZATION_LEVEL = 0;
				GCC_PREPROCESSOR_DEFINITIONS = (
					"DEBUG=1",
					"$(inherited)",
				);
				GCC_SYMBOLS_PRIVATE_EXTERN = NO;
				GCC_WARN_64_TO_32_BIT_CONVERSION = YES;
				GCC_WARN_ABOUT_RETURN_TYPE = YES_ERROR;
				GCC_WARN_UNDECLARED_SELECTOR = YES;
				GCC_WARN_UNINITIALIZED_AUTOS = YES_AGGRESSIVE;
				GCC_WARN_UNUSED_FUNCTION = YES;
				GCC_WARN_UNUSED_VARIABLE = YES;
				IPHONEOS_DEPLOYMENT_TARGET = 7.0;
				MTL_ENABLE_DEBUG_INFO = YES;
				ONLY_ACTIVE_ARCH = YES;
				SDKROOT = iphoneos;
				SWIFT_OPTIMIZATION_LEVEL = "-Onone";
			};
			name = Debug;
		};
		5FAEB2F01B215B0300A9046A /* Release */ = {
			isa = XCBuildConfiguration;
			buildSettings = {
				ALWAYS_SEARCH_USER_PATHS = NO;
				CLANG_CXX_LANGUAGE_STANDARD = "gnu++0x";
				CLANG_CXX_LIBRARY = "libc++";
				CLANG_ENABLE_MODULES = YES;
				CLANG_ENABLE_OBJC_ARC = YES;
				CLANG_WARN_BOOL_CONVERSION = YES;
				CLANG_WARN_CONSTANT_CONVERSION = YES;
				CLANG_WARN_DIRECT_OBJC_ISA_USAGE = YES_ERROR;
				CLANG_WARN_EMPTY_BODY = YES;
				CLANG_WARN_ENUM_CONVERSION = YES;
				CLANG_WARN_INT_CONVERSION = YES;
				CLANG_WARN_OBJC_ROOT_CLASS = YES_ERROR;
				CLANG_WARN_UNREACHABLE_CODE = YES;
				CLANG_WARN__DUPLICATE_METHOD_MATCH = YES;
				"CODE_SIGN_IDENTITY[sdk=iphoneos*]" = "iPhone Developer";
				COPY_PHASE_STRIP = NO;
				DEBUG_INFORMATION_FORMAT = "dwarf-with-dsym";
				ENABLE_NS_ASSERTIONS = NO;
				ENABLE_STRICT_OBJC_MSGSEND = YES;
				GCC_C_LANGUAGE_STANDARD = gnu99;
				GCC_NO_COMMON_BLOCKS = YES;
				GCC_WARN_64_TO_32_BIT_CONVERSION = YES;
				GCC_WARN_ABOUT_RETURN_TYPE = YES_ERROR;
				GCC_WARN_UNDECLARED_SELECTOR = YES;
				GCC_WARN_UNINITIALIZED_AUTOS = YES_AGGRESSIVE;
				GCC_WARN_UNUSED_FUNCTION = YES;
				GCC_WARN_UNUSED_VARIABLE = YES;
				IPHONEOS_DEPLOYMENT_TARGET = 7.0;
				MTL_ENABLE_DEBUG_INFO = NO;
				SDKROOT = iphoneos;
				VALIDATE_PRODUCT = YES;
			};
			name = Release;
		};
		5FAEB2F21B215B0300A9046A /* Debug */ = {
			isa = XCBuildConfiguration;
			buildSettings = {
				ASSETCATALOG_COMPILER_APPICON_NAME = AppIcon;
				CODE_SIGN_IDENTITY = "iPhone Distribution: Nanjing Xiaheng Network System Co., Ltd. (24N474AU9T)";
				"CODE_SIGN_IDENTITY[sdk=iphoneos*]" = "iPhone Distribution: Nanjing Xiaheng Network System Co., Ltd. (24N474AU9T)";
				ENABLE_BITCODE = NO;
				FRAMEWORK_SEARCH_PATHS = (
					"$(inherited)",
					"$(PROJECT_DIR)",
					"$(PROJECT_DIR)/thirdparty",
					"$(PROJECT_DIR)/libraries",
					"$(PROJECT_DIR)/libraries/extends/QQSDK",
				);
				INFOPLIST_FILE = jyjp/Info.plist;
				IPHONEOS_DEPLOYMENT_TARGET = 7.0;
				LD_RUNPATH_SEARCH_PATHS = "$(inherited) @executable_path/Frameworks";
				LIBRARY_SEARCH_PATHS = (
					"$(inherited)",
					"$(PROJECT_DIR)/thirdparty/SDKExport",
					"$(PROJECT_DIR)/libraries/extends/SinaWeiboSDK",
					"$(PROJECT_DIR)/libraries/extends/WeChatSDK",
				);
				OTHER_LDFLAGS = "-fobjc-arc";
				PRODUCT_BUNDLE_IDENTIFIER = yunqi.czjcd.com;
				PRODUCT_NAME = "$(TARGET_NAME)";
				PROVISIONING_PROFILE = "ad184449-5b37-4304-a6dd-e8217cdceec6";
				SWIFT_OBJC_BRIDGING_HEADER = "jyjp/jyjp-Bridging-Header.h";
			};
			name = Debug;
		};
		5FAEB2F31B215B0300A9046A /* Release */ = {
			isa = XCBuildConfiguration;
			buildSettings = {
				ASSETCATALOG_COMPILER_APPICON_NAME = AppIcon;
				CODE_SIGN_IDENTITY = "iPhone Distribution: Nanjing Xiaheng Network System Co., Ltd. (24N474AU9T)";
				"CODE_SIGN_IDENTITY[sdk=iphoneos*]" = "iPhone Distribution: Nanjing Xiaheng Network System Co., Ltd. (24N474AU9T)";
				ENABLE_BITCODE = NO;
				FRAMEWORK_SEARCH_PATHS = (
					"$(inherited)",
					"$(PROJECT_DIR)",
					"$(PROJECT_DIR)/thirdparty",
					"$(PROJECT_DIR)/libraries",
					"$(PROJECT_DIR)/libraries/extends/QQSDK",
				);
				INFOPLIST_FILE = jyjp/Info.plist;
				IPHONEOS_DEPLOYMENT_TARGET = 7.0;
				LD_RUNPATH_SEARCH_PATHS = "$(inherited) @executable_path/Frameworks";
				LIBRARY_SEARCH_PATHS = (
					"$(inherited)",
					"$(PROJECT_DIR)/thirdparty/SDKExport",
					"$(PROJECT_DIR)/libraries/extends/SinaWeiboSDK",
					"$(PROJECT_DIR)/libraries/extends/WeChatSDK",
				);
				OTHER_LDFLAGS = "-fobjc-arc";
				PRODUCT_BUNDLE_IDENTIFIER = yunqi.czjcd.com;
				PRODUCT_NAME = "$(TARGET_NAME)";
				PROVISIONING_PROFILE = "ad184449-5b37-4304-a6dd-e8217cdceec6";
				SWIFT_OBJC_BRIDGING_HEADER = "jyjp/jyjp-Bridging-Header.h";
			};
			name = Release;
		};
		5FAEB2F51B215B0300A9046A /* Debug */ = {
			isa = XCBuildConfiguration;
			buildSettings = {
				BUNDLE_LOADER = "$(TEST_HOST)";
				FRAMEWORK_SEARCH_PATHS = (
					"$(SDKROOT)/Developer/Library/Frameworks",
					"$(inherited)",
				);
				GCC_PREPROCESSOR_DEFINITIONS = (
					"DEBUG=1",
					"$(inherited)",
				);
				INFOPLIST_FILE = jyjpTests/Info.plist;
				LD_RUNPATH_SEARCH_PATHS = "$(inherited) @executable_path/Frameworks @loader_path/Frameworks";
				PRODUCT_NAME = "$(TARGET_NAME)";
				TEST_HOST = "$(BUILT_PRODUCTS_DIR)/jyjp.app/jyjp";
			};
			name = Debug;
		};
		5FAEB2F61B215B0300A9046A /* Release */ = {
			isa = XCBuildConfiguration;
			buildSettings = {
				BUNDLE_LOADER = "$(TEST_HOST)";
				FRAMEWORK_SEARCH_PATHS = (
					"$(SDKROOT)/Developer/Library/Frameworks",
					"$(inherited)",
				);
				INFOPLIST_FILE = jyjpTests/Info.plist;
				LD_RUNPATH_SEARCH_PATHS = "$(inherited) @executable_path/Frameworks @loader_path/Frameworks";
				PRODUCT_NAME = "$(TARGET_NAME)";
				TEST_HOST = "$(BUILT_PRODUCTS_DIR)/jyjp.app/jyjp";
			};
			name = Release;
		};
/* End XCBuildConfiguration section */

/* Begin XCConfigurationList section */
		5FAEB2CD1B215B0200A9046A /* Build configuration list for PBXProject "jyjp" */ = {
			isa = XCConfigurationList;
			buildConfigurations = (
				5FAEB2EF1B215B0300A9046A /* Debug */,
				5FAEB2F01B215B0300A9046A /* Release */,
			);
			defaultConfigurationIsVisible = 0;
			defaultConfigurationName = Release;
		};
		5FAEB2F11B215B0300A9046A /* Build configuration list for PBXNativeTarget "jyjp" */ = {
			isa = XCConfigurationList;
			buildConfigurations = (
				5FAEB2F21B215B0300A9046A /* Debug */,
				5FAEB2F31B215B0300A9046A /* Release */,
			);
			defaultConfigurationIsVisible = 0;
			defaultConfigurationName = Release;
		};
		5FAEB2F41B215B0300A9046A /* Build configuration list for PBXNativeTarget "jyjpTests" */ = {
			isa = XCConfigurationList;
			buildConfigurations = (
				5FAEB2F51B215B0300A9046A /* Debug */,
				5FAEB2F61B215B0300A9046A /* Release */,
			);
			defaultConfigurationIsVisible = 0;
			defaultConfigurationName = Release;
		};
/* End XCConfigurationList section */
	};
	rootObject = 5FAEB2CA1B215B0200A9046A /* Project object */;
}
